
Microsoft Visual Studio Solution File, Format Version 12.00
# Visual Studio Version 16
VisualStudioVersion = 25.0.1706.4
MinimumVisualStudioVersion = 10.0.40219.1
Project("{FAE04EC0-301F-11D3-BF4B-00C04F79EFBC}") = "filmpuanlamaproje", "filmpuanlamaproje\filmpuanlamaproje.csproj", "{20C23895-02D7-4EED-85F3-CF7F7033EF52}"
EndProject
Global
	GlobalSection(SolutionConfigurationPlatforms) = preSolution
		Debug|Any CPU = Debug|Any CPU
		Release|Any CPU = Release|Any CPU
	EndGlobalSection
	GlobalSection(ProjectConfigurationPlatforms) = postSolution
		{20C23895-02D7-4EED-85F3-CF7F7033EF52}.Debug|Any CPU.ActiveCfg = Debug|Any CPU
		{20C23895-02D7-4EED-85F3-CF7F7033EF52}.Debug|Any CPU.Build.0 = Debug|Any CPU
		{20C23895-02D7-4EED-85F3-CF7F7033EF52}.Release|Any CPU.ActiveCfg = Release|Any CPU
		{20C23895-02D7-4EED-85F3-CF7F7033EF52}.Release|Any CPU.Build.0 = Release|Any CPU
	EndGlobalSection
	GlobalSection(SolutionProperties) = preSolution
		HideSolutionNode = FALSE
	EndGlobalSection
	GlobalSection(ExtensibilityGlobals) = postSolution
		SolutionGuid = {289BAEE0-6F33-4E7A-BED3-31821A1A8E24}
	EndGlobalSection
EndGlobal
